
Microsoft Visual Studio Solution File, Format Version 12.00
# Visual Studio Version 16
VisualStudioVersion = 16.0.30413.136
MinimumVisualStudioVersion = 10.0.40219.1
Project("{8BC9CEB8-8B4A-11D0-8D11-00A0C91BC942}") = "test_smd_tool", "test_smd_tool.vcxproj", "{C4F4CEE1-9CAC-48B5-8D0C-B012193223A0}"
EndProject
Project("{8BC9CEB8-8B4A-11D0-8D11-00A0C91BC942}") = "test_mdl_sequence_info", "..\test_mdl_sequence_info\test_mdl_sequence_info.vcxproj", "{6B9459DA-45CC-42A5-9670-C2DF2E06CB5D}"
EndProject
Project("{8BC9CEB8-8B4A-11D0-8D11-00A0C91BC942}") = "test_smd_fix_uv", "..\test_smd_fix_uv\test_smd_fix_uv.vcxproj", "{AB868BE4-A8DD-4A38-938D-E89C1A6590E9}"
EndProject
Global
	GlobalSection(SolutionConfigurationPlatforms) = preSolution
		Debug|x64 = Debug|x64
		Debug|x86 = Debug|x86
		Release|x64 = Release|x64
		Release|x86 = Release|x86
	EndGlobalSection
	GlobalSection(ProjectConfigurationPlatforms) = postSolution
		{C4F4CEE1-9CAC-48B5-8D0C-B012193223A0}.Debug|x64.ActiveCfg = Debug|x64
		{C4F4CEE1-9CAC-48B5-8D0C-B012193223A0}.Debug|x64.Build.0 = Debug|x64
		{C4F4CEE1-9CAC-48B5-8D0C-B012193223A0}.Debug|x86.ActiveCfg = Debug|Win32
		{C4F4CEE1-9CAC-48B5-8D0C-B012193223A0}.Debug|x86.Build.0 = Debug|Win32
		{C4F4CEE1-9CAC-48B5-8D0C-B012193223A0}.Release|x64.ActiveCfg = Release|x64
		{C4F4CEE1-9CAC-48B5-8D0C-B012193223A0}.Release|x64.Build.0 = Release|x64
		{C4F4CEE1-9CAC-48B5-8D0C-B012193223A0}.Release|x86.ActiveCfg = Release|Win32
		{C4F4CEE1-9CAC-48B5-8D0C-B012193223A0}.Release|x86.Build.0 = Release|Win32
		{6B9459DA-45CC-42A5-9670-C2DF2E06CB5D}.Debug|x64.ActiveCfg = Debug|x64
		{6B9459DA-45CC-42A5-9670-C2DF2E06CB5D}.Debug|x64.Build.0 = Debug|x64
		{6B9459DA-45CC-42A5-9670-C2DF2E06CB5D}.Debug|x86.ActiveCfg = Debug|Win32
		{6B9459DA-45CC-42A5-9670-C2DF2E06CB5D}.Debug|x86.Build.0 = Debug|Win32
		{6B9459DA-45CC-42A5-9670-C2DF2E06CB5D}.Release|x64.ActiveCfg = Release|x64
		{6B9459DA-45CC-42A5-9670-C2DF2E06CB5D}.Release|x64.Build.0 = Release|x64
		{6B9459DA-45CC-42A5-9670-C2DF2E06CB5D}.Release|x86.ActiveCfg = Release|Win32
		{6B9459DA-45CC-42A5-9670-C2DF2E06CB5D}.Release|x86.Build.0 = Release|Win32
		{AB868BE4-A8DD-4A38-938D-E89C1A6590E9}.Debug|x64.ActiveCfg = Debug|x64
		{AB868BE4-A8DD-4A38-938D-E89C1A6590E9}.Debug|x64.Build.0 = Debug|x64
		{AB868BE4-A8DD-4A38-938D-E89C1A6590E9}.Debug|x86.ActiveCfg = Debug|Win32
		{AB868BE4-A8DD-4A38-938D-E89C1A6590E9}.Debug|x86.Build.0 = Debug|Win32
		{AB868BE4-A8DD-4A38-938D-E89C1A6590E9}.Release|x64.ActiveCfg = Release|x64
		{AB868BE4-A8DD-4A38-938D-E89C1A6590E9}.Release|x64.Build.0 = Release|x64
		{AB868BE4-A8DD-4A38-938D-E89C1A6590E9}.Release|x86.ActiveCfg = Release|Win32
		{AB868BE4-A8DD-4A38-938D-E89C1A6590E9}.Release|x86.Build.0 = Release|Win32
	EndGlobalSection
	GlobalSection(SolutionProperties) = preSolution
		HideSolutionNode = FALSE
	EndGlobalSection
	GlobalSection(ExtensibilityGlobals) = postSolution
		SolutionGuid = {34D04830-11F5-41EA-9375-85351CEB8E49}
	EndGlobalSection
EndGlobal
